
Microsoft Visual Studio Solution File, Format Version 12.00
# Visual Studio 15
VisualStudioVersion = 15.0.27428.2011
MinimumVisualStudioVersion = 10.0.40219.1
Project("{FAE04EC0-301F-11D3-BF4B-00C04F79EFBC}") = "LibGestore", "LibGestore\LibGestore.csproj", "{44BCA1D5-FA82-4BF1-9ECE-07220F96D461}"
EndProject
Project("{FAE04EC0-301F-11D3-BF4B-00C04F79EFBC}") = "TestGestioneWPF", "TestGestioneWPF\TestGestioneWPF.csproj", "{A8411366-196B-4C83-AD85-B4EBC2F10A0A}"
EndProject
Project("{FAE04EC0-301F-11D3-BF4B-00C04F79EFBC}") = "GestoreWPF", "GestoreWPF\GestoreWPF.csproj", "{3E869ACD-E509-43A9-BBC5-565E8D7D6973}"
EndProject
Global
	GlobalSection(SolutionConfigurationPlatforms) = preSolution
		Debug|Any CPU = Debug|Any CPU
		Release|Any CPU = Release|Any CPU
	EndGlobalSection
	GlobalSection(ProjectConfigurationPlatforms) = postSolution
		{44BCA1D5-FA82-4BF1-9ECE-07220F96D461}.Debug|Any CPU.ActiveCfg = Debug|Any CPU
		{44BCA1D5-FA82-4BF1-9ECE-07220F96D461}.Debug|Any CPU.Build.0 = Debug|Any CPU
		{44BCA1D5-FA82-4BF1-9ECE-07220F96D461}.Release|Any CPU.ActiveCfg = Release|Any CPU
		{44BCA1D5-FA82-4BF1-9ECE-07220F96D461}.Release|Any CPU.Build.0 = Release|Any CPU
		{A8411366-196B-4C83-AD85-B4EBC2F10A0A}.Debug|Any CPU.ActiveCfg = Debug|Any CPU
		{A8411366-196B-4C83-AD85-B4EBC2F10A0A}.Debug|Any CPU.Build.0 = Debug|Any CPU
		{A8411366-196B-4C83-AD85-B4EBC2F10A0A}.Release|Any CPU.ActiveCfg = Release|Any CPU
		{A8411366-196B-4C83-AD85-B4EBC2F10A0A}.Release|Any CPU.Build.0 = Release|Any CPU
		{3E869ACD-E509-43A9-BBC5-565E8D7D6973}.Debug|Any CPU.ActiveCfg = Debug|Any CPU
		{3E869ACD-E509-43A9-BBC5-565E8D7D6973}.Debug|Any CPU.Build.0 = Debug|Any CPU
		{3E869ACD-E509-43A9-BBC5-565E8D7D6973}.Release|Any CPU.ActiveCfg = Release|Any CPU
		{3E869ACD-E509-43A9-BBC5-565E8D7D6973}.Release|Any CPU.Build.0 = Release|Any CPU
	EndGlobalSection
	GlobalSection(SolutionProperties) = preSolution
		HideSolutionNode = FALSE
	EndGlobalSection
	GlobalSection(ExtensibilityGlobals) = postSolution
		SolutionGuid = {368A9657-7D0B-4B6D-8EEE-B08076F121C9}
	EndGlobalSection
EndGlobal
